// !$*UTF8*$!
{
	archiveVersion = 1;
	classes = {
	};
	objectVersion = 46;
	objects = {

/* Begin PBXBuildFile section */
		6281037F1FB97B7B005C1312 /* AppDelegate.swift in Sources */ = {isa = PBXBuildFile; fileRef = 6281037E1FB97B7B005C1312 /* AppDelegate.swift */; };
		628103811FB97B7B005C1312 /* ViewController.swift in Sources */ = {isa = PBXBuildFile; fileRef = 628103801FB97B7B005C1312 /* ViewController.swift */; };
		628103841FB97B7B005C1312 /* Main.storyboard in Resources */ = {isa = PBXBuildFile; fileRef = 628103821FB97B7B005C1312 /* Main.storyboard */; };
		628103861FB97B7B005C1312 /* Assets.xcassets in Resources */ = {isa = PBXBuildFile; fileRef = 628103851FB97B7B005C1312 /* Assets.xcassets */; };
		628103891FB97B7B005C1312 /* LaunchScreen.storyboard in Resources */ = {isa = PBXBuildFile; fileRef = 628103871FB97B7B005C1312 /* LaunchScreen.storyboard */; };
/* End PBXBuildFile section */

/* Begin PBXFileReference section */
		6281037B1FB97B7B005C1312 /* FootballOddsROI.app */ = {isa = PBXFileReference; explicitFileType = wrapper.application; includeInIndex = 0; path = FootballOddsROI.app; sourceTree = BUILT_PRODUCTS_DIR; };
		6281037E1FB97B7B005C1312 /* AppDelegate.swift */ = {isa = PBXFileReference; lastKnownFileType = sourcecode.swift; path = AppDelegate.swift; sourceTree = "<group>"; };
		628103801FB97B7B005C1312 /* ViewController.swift */ = {isa = PBXFileReference; lastKnownFileType = sourcecode.swift; path = ViewController.swift; sourceTree = "<group>"; };
		628103831FB97B7B005C1312 /* Base */ = {isa = PBXFileReference; lastKnownFileType = file.storyboard; name = Base; path = Base.lproj/Main.storyboard; sourceTree = "<group>"; };
		628103851FB97B7B005C1312 /* Assets.xcassets */ = {isa = PBXFileReference; lastKnownFileType = folder.assetcatalog; path = Assets.xcassets; sourceTree = "<group>"; };
		628103881FB97B7B005C1312 /* Base */ = {isa = PBXFileReference; lastKnownFileType = file.storyboard; name = Base; path = Base.lproj/LaunchScreen.storyboard; sourceTree = "<group>"; };
		6281038A1FB97B7B005C1312 /* Info.plist */ = {isa = PBXFileReference; lastKnownFileType = text.plist.xml; path = Info.plist; sourceTree = "<group>"; };
/* End PBXFileReference section */

/* Begin PBXFrameworksBuildPhase section */
		628103781FB97B7B005C1312 /* Frameworks */ = {
			isa = PBXFrameworksBuildPhase;
			buildActionMask = 2147483647;
			files = (
			);
			runOnlyForDeploymentPostprocessing = 0;
		};
/* End PBXFrameworksBuildPhase section */

/* Begin PBXGroup section */
		628103721FB97B7B005C1312 = {
			isa = PBXGroup;
			children = (
				6281037D1FB97B7B005C1312 /* FootballOddsROI */,
				6281037C1FB97B7B005C1312 /* Products */,
			);
			sourceTree = "<group>";
		};
		6281037C1FB97B7B005C1312 /* Products */ = {
			isa = PBXGroup;
			children = (
				6281037B1FB97B7B005C1312 /* FootballOddsROI.app */,
			);
			name = Products;
			sourceTree = "<group>";
		};
		6281037D1FB97B7B005C1312 /* FootballOddsROI */ = {
			isa = PBXGroup;
			children = (
				6281037E1FB97B7B005C1312 /* AppDelegate.swift */,
				628103801FB97B7B005C1312 /* ViewController.swift */,
				628103821FB97B7B005C1312 /* Main.storyboard */,
				628103851FB97B7B005C1312 /* Assets.xcassets */,
				628103871FB97B7B005C1312 /* LaunchScreen.storyboard */,
				6281038A1FB97B7B005C1312 /* Info.plist */,
			);
			path = FootballOddsROI;
			sourceTree = "<group>";
		};
/* End PBXGroup section */

/* Begin PBXNativeTarget section */
		6281037A1FB97B7B005C1312 /* FootballOddsROI */ = {
			isa = PBXNativeTarget;
			buildConfigurationList = 6281038D1FB97B7B005C1312 /* Build configuration list for PBXNativeTarget "FootballOddsROI" */;
			buildPhases = (
				628103771FB97B7B005C1312 /* Sources */,
				628103781FB97B7B005C1312 /* Frameworks */,
				628103791FB97B7B005C1312 /* Resources */,
			);
			buildRules = (
			);
			dependencies = (
			);
			name = FootballOddsROI;
			productName = FootballOddsROI;
			productReference = 6281037B1FB97B7B005C1312 /* FootballOddsROI.app */;
			productType = "com.apple.product-type.application";
		};
/* End PBXNativeTarget section */

/* Begin PBXProject section */
		628103731FB97B7B005C1312 /* Project object */ = {
			isa = PBXProject;
			attributes = {
				LastSwiftUpdateCheck = 0830;
				LastUpgradeCheck = 0830;
				ORGANIZATIONNAME = iKeith;
				TargetAttributes = {
					6281037A1FB97B7B005C1312 = {
						CreatedOnToolsVersion = 8.3.3;
						DevelopmentTeam = 8UNZWB2GPZ;
						ProvisioningStyle = Automatic;
					};
				};
			};
			buildConfigurationList = 628103761FB97B7B005C1312 /* Build configuration list for PBXProject "FootballOddsROI" */;
			compatibilityVersion = "Xcode 3.2";
			developmentRegion = English;
			hasScannedForEncodings = 0;
			knownRegions = (
				en,
				Base,
			);
			mainGroup = 628103721FB97B7B005C1312;
			productRefGroup = 6281037C1FB97B7B005C1312 /* Products */;
			projectDirPath = "";
			projectRoot = "";
			targets = (
				6281037A1FB97B7B005C1312 /* FootballOddsROI */,
			);
		};
/* End PBXProject section */

/* Begin PBXResourcesBuildPhase section */
		628103791FB97B7B005C1312 /* Resources */ = {
			isa = PBXResourcesBuildPhase;
			buildActionMask = 2147483647;
			files = (
				628103891FB97B7B005C1312 /* LaunchScreen.storyboard in Resources */,
				628103861FB97B7B005C1312 /* Assets.xcassets in Resources */,
				628103841FB97B7B005C1312 /* Main.storyboard in Resources */,
			);
			runOnlyForDeploymentPostprocessing = 0;
		};
/* End PBXResourcesBuildPhase section */

/* Begin PBXSourcesBuildPhase section */
		628103771FB97B7B005C1312 /* Sources */ = {
			isa = PBXSourcesBuildPhase;
			buildActionMask = 2147483647;
			files = (
				628103811FB97B7B005C1312 /* ViewController.swift in Sources */,
				6281037F1FB97B7B005C1312 /* AppDelegate.swift in Sources */,
			);
			runOnlyForDeploymentPostprocessing = 0;
		};
/* End PBXSourcesBuildPhase section */

/* Begin PBXVariantGroup section */
		628103821FB97B7B005C1312 /* Main.storyboard */ = {
			isa = PBXVariantGroup;
			children = (
				628103831FB97B7B005C1312 /* Base */,
			);
			name = Main.storyboard;
			sourceTree = "<group>";
		};
		628103871FB97B7B005C1312 /* LaunchScreen.storyboard */ = {
			isa = PBXVariantGroup;
			children = (
				628103881FB97B7B005C1312 /* Base */,
			);
			name = LaunchScreen.storyboard;
			sourceTree = "<group>";
		};
/* End PBXVariantGroup section */

/* Begin XCBuildConfiguration section */
		6281038B1FB97B7B005C1312 /* Debug */ = {
			isa = XCBuildConfiguration;
			buildSettings = {
				ALWAYS_SEARCH_USER_PATHS = NO;
				CLANG_ANALYZER_NONNULL = YES;
				CLANG_ANALYZER_NUMBER_OBJECT_CONVERSION = YES_AGGRESSIVE;
				CLANG_CXX_LANGUAGE_STANDARD = "gnu++0x";
				CLANG_CXX_LIBRARY = "libc++";
				CLANG_ENABLE_MODULES = YES;
				CLANG_ENABLE_OBJC_ARC = YES;
				CLANG_WARN_BOOL_CONVERSION = YES;
				CLANG_WARN_CONSTANT_CONVERSION = YES;
				CLANG_WARN_DIRECT_OBJC_ISA_USAGE = YES_ERROR;
				CLANG_WARN_DOCUMENTATION_COMMENTS = YES;
				CLANG_WARN_EMPTY_BODY = YES;
				CLANG_WARN_ENUM_CONVERSION = YES;
				CLANG_WARN_INFINITE_RECURSION = YES;
				CLANG_WARN_INT_CONVERSION = YES;
				CLANG_WARN_OBJC_ROOT_CLASS = YES_ERROR;
				CLANG_WARN_SUSPICIOUS_MOVE = YES;
				CLANG_WARN_UNREACHABLE_CODE = YES;
				CLANG_WARN__DUPLICATE_METHOD_MATCH = YES;
				"CODE_SIGN_IDENTITY[sdk=iphoneos*]" = "iPhone Developer";
				COPY_PHASE_STRIP = NO;
				DEBUG_INFORMATION_FORMAT = dwarf;
				ENABLE_STRICT_OBJC_MSGSEND = YES;
				ENABLE_TESTABILITY = YES;
				GCC_C_LANGUAGE_STANDARD = gnu99;
				GCC_DYNAMIC_NO_PIC = NO;
				GCC_NO_COMMON_BLOCKS = YES;
				GCC_OPTIMIZATION_LEVEL = 0;
				GCC_PREPROCESSOR_DEFINITIONS = (
					"DEBUG=1",
					"$(inherited)",
				);
				GCC_WARN_64_TO_32_BIT_CONVERSION = YES;
				GCC_WARN_ABOUT_RETURN_TYPE = YES_ERROR;
				GCC_WARN_UNDECLARED_SELECTOR = YES;
				GCC_WARN_UNINITIALIZED_AUTOS = YES_AGGRESSIVE;
				GCC_WARN_UNUSED_FUNCTION = YES;
				GCC_WARN_UNUSED_VARIABLE = YES;
				IPHONEOS_DEPLOYMENT_TARGET = 10.3;
				MTL_ENABLE_DEBUG_INFO = YES;
				ONLY_ACTIVE_ARCH = YES;
				SDKROOT = iphoneos;
				SWIFT_ACTIVE_COMPILATION_CONDITIONS = DEBUG;
				SWIFT_OPTIMIZATION_LEVEL = "-Onone";
				TARGETED_DEVICE_FAMILY = "1,2";
			};
			name = Debug;
		};
		6281038C1FB97B7B005C1312 /* Release */ = {
			isa = XCBuildConfiguration;
			buildSettings = {
				ALWAYS_SEARCH_USER_PATHS = NO;
				CLANG_ANALYZER_NONNULL = YES;
				CLANG_ANALYZER_NUMBER_OBJECT_CONVERSION = YES_AGGRESSIVE;
				CLANG_CXX_LANGUAGE_STANDARD = "gnu++0x";
				CLANG_CXX_LIBRARY = "libc++";
				CLANG_ENABLE_MODULES = YES;
				CLANG_ENABLE_OBJC_ARC = YES;
				CLANG_WARN_BOOL_CONVERSION = YES;
				CLANG_WARN_CONSTANT_CONVERSION = YES;
				CLANG_WARN_DIRECT_OBJC_ISA_USAGE = YES_ERROR;
				CLANG_WARN_DOCUMENTATION_COMMENTS = YES;
				CLANG_WARN_EMPTY_BODY = YES;
				CLANG_WARN_ENUM_CONVERSION = YES;
				CLANG_WARN_INFINITE_RECURSION = YES;
				CLANG_WARN_INT_CONVERSION = YES;
				CLANG_WARN_OBJC_ROOT_CLASS = YES_ERROR;
				CLANG_WARN_SUSPICIOUS_MOVE = YES;
				CLANG_WARN_UNREACHABLE_CODE = YES;
				CLANG_WARN__DUPLICATE_METHOD_MATCH = YES;
				"CODE_SIGN_IDENTITY[sdk=iphoneos*]" = "iPhone Developer";
				COPY_PHASE_STRIP = NO;
				DEBUG_INFORMATION_FORMAT = "dwarf-with-dsym";
				ENABLE_NS_ASSERTIONS = NO;
				ENABLE_STRICT_OBJC_MSGSEND = YES;
				GCC_C_LANGUAGE_STANDARD = gnu99;
				GCC_NO_COMMON_BLOCKS = YES;
				GCC_WARN_64_TO_32_BIT_CONVERSION = YES;
				GCC_WARN_ABOUT_RETURN_TYPE = YES_ERROR;
				GCC_WARN_UNDECLARED_SELECTOR = YES;
				GCC_WARN_UNINITIALIZED_AUTOS = YES_AGGRESSIVE;
				GCC_WARN_UNUSED_FUNCTION = YES;
				GCC_WARN_UNUSED_VARIABLE = YES;
				IPHONEOS_DEPLOYMENT_TARGET = 10.3;
				MTL_ENABLE_DEBUG_INFO = NO;
				SDKROOT = iphoneos;
				SWIFT_OPTIMIZATION_LEVEL = "-Owholemodule";
				TARGETED_DEVICE_FAMILY = "1,2";
				VALIDATE_PRODUCT = YES;
			};
			name = Release;
		};
		6281038E1FB97B7B005C1312 /* Debug */ = {
			isa = XCBuildConfiguration;
			buildSettings = {
				ASSETCATALOG_COMPILER_APPICON_NAME = AppIcon;
				DEVELOPMENT_TEAM = 8UNZWB2GPZ;
				INFOPLIST_FILE = FootballOddsROI/Info.plist;
				LD_RUNPATH_SEARCH_PATHS = "$(inherited) @executable_path/Frameworks";
				PRODUCT_BUNDLE_IDENTIFIER = com.iKeith.FootballOddsROI;
				PRODUCT_NAME = "$(TARGET_NAME)";
				SWIFT_VERSION = 3.0;
			};
			name = Debug;
		};
		6281038F1FB97B7B005C1312 /* Release */ = {
			isa = XCBuildConfiguration;
			buildSettings = {
				ASSETCATALOG_COMPILER_APPICON_NAME = AppIcon;
				DEVELOPMENT_TEAM = 8UNZWB2GPZ;
				INFOPLIST_FILE = FootballOddsROI/Info.plist;
				LD_RUNPATH_SEARCH_PATHS = "$(inherited) @executable_path/Frameworks";
				PRODUCT_BUNDLE_IDENTIFIER = com.iKeith.FootballOddsROI;
				PRODUCT_NAME = "$(TARGET_NAME)";
				SWIFT_VERSION = 3.0;
			};
			name = Release;
		};
/* End XCBuildConfiguration section */

/* Begin XCConfigurationList section */
		628103761FB97B7B005C1312 /* Build configuration list for PBXProject "FootballOddsROI" */ = {
			isa = XCConfigurationList;
			buildConfigurations = (
				6281038B1FB97B7B005C1312 /* Debug */,
				6281038C1FB97B7B005C1312 /* Release */,
			);
			defaultConfigurationIsVisible = 0;
			defaultConfigurationName = Release;
		};
		6281038D1FB97B7B005C1312 /* Build configuration list for PBXNativeTarget "FootballOddsROI" */ = {
			isa = XCConfigurationList;
			buildConfigurations = (
				6281038E1FB97B7B005C1312 /* Debug */,
				6281038F1FB97B7B005C1312 /* Release */,
			);
			defaultConfigurationIsVisible = 0;
		};
/* End XCConfigurationList section */
	};
	rootObject = 628103731FB97B7B005C1312 /* Project object */;
}
